
Microsoft Visual Studio Solution File, Format Version 12.00
# Visual Studio Version 17
VisualStudioVersion = 17.0.32014.148
MinimumVisualStudioVersion = 10.0.40219.1
Project("{FAE04EC0-301F-11D3-BF4B-00C04F79EFBC}") = "serialGenerator", "serialGenerator\serialGenerator.csproj", "{DEAB3DDC-8E1B-4651-9391-44EDF97D0899}"
EndProject
Global
	GlobalSection(SolutionConfigurationPlatforms) = preSolution
		Debug|Any CPU = Debug|Any CPU
		Release|Any CPU = Release|Any CPU
	EndGlobalSection
	GlobalSection(ProjectConfigurationPlatforms) = postSolution
		{DEAB3DDC-8E1B-4651-9391-44EDF97D0899}.Debug|Any CPU.ActiveCfg = Debug|Any CPU
		{DEAB3DDC-8E1B-4651-9391-44EDF97D0899}.Debug|Any CPU.Build.0 = Debug|Any CPU
		{DEAB3DDC-8E1B-4651-9391-44EDF97D0899}.Release|Any CPU.ActiveCfg = Release|Any CPU
		{DEAB3DDC-8E1B-4651-9391-44EDF97D0899}.Release|Any CPU.Build.0 = Release|Any CPU
	EndGlobalSection
	GlobalSection(SolutionProperties) = preSolution
		HideSolutionNode = FALSE
	EndGlobalSection
	GlobalSection(ExtensibilityGlobals) = postSolution
		SolutionGuid = {2E617162-6EA2-424C-8009-C08A503A49C2}
	EndGlobalSection
EndGlobal
